# THIS IS AN AUTOGENERATED FILE. DO NOT EDIT THIS FILE DIRECTLY.
# yarn lockfile v1


"@types/node@^13.13.0":
  version "13.13.0"
  resolved "https://registry.yarnpkg.com/@types/node/-/node-13.13.0.tgz#30d2d09f623fe32cde9cb582c7a6eda2788ce4a8"
  integrity sha512-WE4IOAC6r/yBZss1oQGM5zs2D7RuKR6Q+w+X2SouPofnWn+LbCqClRyhO3ZE7Ix8nmFgo/oVuuE01cJT2XB13A==

prettier@^2.0.4:
  version "2.0.4"
  resolved "https://registry.yarnpkg.com/prettier/-/prettier-2.0.4.tgz#2d1bae173e355996ee355ec9830a7a1ee05457ef"
  integrity sha512-SVJIQ51spzFDvh4fIbCLvciiDMCrRhlN3mbZvv/+ycjvmF5E73bKdGfU8QDLNmjYJf+lsGnDBC4UUnvTe5OO0w==
